<?xml version="1.0" encoding="UTF-8" standalone="yes" ?>
<CodeBlocks_project_file>
	<FileVersion major="1" minor="6" />
	<Project>
		<Option title="TINS2024" />
		<Option pch_mode="2" />
		<Option default_target="Debug" />
		<Option compiler="gcc" />
		<Build>
			<Target title="Debug">
				<Option output="TrainKartD" prefix_auto="1" extension_auto="1" />
				<Option working_dir="./" />
				<Option object_output="obj/Debug/" />
				<Option type="1" />
				<Option compiler="gcc" />
				<Compiler>
					<Add option="-g" />
					<Add option="-DDEBUG" />
				</Compiler>
				<Linker>
					<Add option="-lEagleA5DebugShared.dll" />
					<Add option="-lEagleDebugShared.dll" />
					<Add option="-lallegro_monolith-debug.dll" />
				</Linker>
			</Target>
			<Target title="Release">
				<Option output="TrainKart" prefix_auto="1" extension_auto="1" />
				<Option working_dir="./" />
				<Option object_output="obj/Release/" />
				<Option type="1" />
				<Option compiler="gcc" />
				<Compiler>
					<Add option="-O2" />
				</Compiler>
				<Linker>
					<Add option="-lEagleA5Shared.dll" />
					<Add option="-lEagleShared.dll" />
					<Add option="-lallegro_monolith.dll" />
				</Linker>
			</Target>
			<Target title="StaticDebug">
				<Option output="TrainKartDS" prefix_auto="1" extension_auto="1" />
				<Option working_dir="./" />
				<Option object_output="obj/Debug/" />
				<Option type="1" />
				<Option compiler="gcc" />
				<Compiler>
					<Add option="-g" />
					<Add option="-DDEBUG" />
				</Compiler>
				<Linker>
					<Add option="-lEagleA5Debug" />
					<Add option="-lEagleDebug" />
					<Add option="-lallegro_monolith-static" />
					<Add option="-ldumb" />
					<Add option="-lphysfs" />
					<Add option="-lOpenAL32" />
					<Add option="-lwebp" />
					<Add option="-lFLAC" />
					<Add option="-lvorbisfile" />
					<Add option="-lvorbis" />
					<Add option="-lfreetype" />
					<Add option="-logg" />
					<Add option="-lpng16" />
					<Add option="-lzlibstatic" />
					<Add option="-lgdiplus" />
					<Add option="-luuid" />
					<Add option="-lkernel32" />
					<Add option="-lwinmm" />
					<Add option="-lpsapi" />
					<Add option="-lopengl32" />
					<Add option="-lglu32" />
					<Add option="-ldsound" />
					<Add option="-lsharpyuv" />
					<Add option="-luser32" />
					<Add option="-lcomdlg32" />
					<Add option="-lgdi32" />
					<Add option="-lshell32" />
					<Add option="-lole32" />
					<Add option="-ladvapi32" />
					<Add option="-lws2_32" />
					<Add option="-lshlwapi" />
					<Add option="-lpthread" />
					<Add option="-static-libstdc++" />
					<Add option="-static-libgcc" />
				</Linker>
			</Target>
			<Target title="StaticRelease">
				<Option output="TrainKartS" prefix_auto="1" extension_auto="1" />
				<Option working_dir="./" />
				<Option object_output="obj/Release/" />
				<Option type="1" />
				<Option compiler="gcc" />
				<Compiler>
					<Add option="-O2" />
				</Compiler>
				<Linker>
					<Add option="-s" />
					<Add option="-static-libstdc++" />
					<Add option="-static-libgcc" />
					<Add option="-lEagleA5" />
					<Add option="-lEagle" />
					<Add option="-lallegro_monolith-static" />
					<Add option="-ldumb" />
					<Add option="-lphysfs" />
					<Add option="-lOpenAL32" />
					<Add option="-lwebp" />
					<Add option="-lFLAC" />
					<Add option="-lvorbisfile" />
					<Add option="-lvorbis" />
					<Add option="-lfreetype" />
					<Add option="-logg" />
					<Add option="-lsharpyuv" />
					<Add option="-lpng16" />
					<Add option="-lzlibstatic" />
					<Add option="-lgdiplus" />
					<Add option="-luuid" />
					<Add option="-lkernel32" />
					<Add option="-ldsound" />
					<Add option="-lwinmm" />
					<Add option="-lpsapi" />
					<Add option="-lopengl32" />
					<Add option="-lglu32" />
					<Add option="-luser32" />
					<Add option="-lcomdlg32" />
					<Add option="-lgdi32" />
					<Add option="-lshell32" />
					<Add option="-lole32" />
					<Add option="-ladvapi32" />
					<Add option="-lws2_32" />
					<Add option="-lshlwapi" />
					<Add option="-lpthread" />
				</Linker>
			</Target>
		</Build>
		<VirtualTargets>
			<Add alias="All" targets="Debug;Release;StaticDebug;StaticRelease;" />
			<Add alias="Dynamic" targets="Debug;Release;" />
			<Add alias="Static" targets="StaticDebug;StaticRelease;" />
		</VirtualTargets>
		<Compiler>
			<Add option="-Wall" />
			<Add option="-DEAGLE_LOG" />
			<Add option="-DEAGLE_ASSERT_EXCEPTION" />
			<Add option="-DDEBUG" />
			<Add directory="include" />
			<Add directory="c:/usr64/include" />
		</Compiler>
		<Linker>
			<Add option="-lopengl32" />
			<Add option="-lglu32" />
			<Add directory="c:/usr64/lib" />
		</Linker>
		<Unit filename="LICENSE" />
		<Unit filename="README.md" />
		<Unit filename="TrainKartNouveau.cpp" />
		<Unit filename="include/BasicGLSetup.hpp" />
		<Unit filename="include/Camera.hpp" />
		<Unit filename="include/CrossSection.hpp" />
		<Unit filename="include/CrossSectionGen.hpp" />
		<Unit filename="include/CrossSectionTypes.hpp" />
		<Unit filename="include/Drawing.hpp" />
		<Unit filename="include/Editor.hpp" />
		<Unit filename="include/FileWork.hpp" />
		<Unit filename="include/Interpolate.hpp" />
		<Unit filename="include/Mesh.hpp" />
		<Unit filename="include/Move.hpp" />
		<Unit filename="include/ObjModel.hpp" />
		<Unit filename="include/Orient.hpp" />
		<Unit filename="include/Parametric.hpp" />
		<Unit filename="include/Path.hpp" />
		<Unit filename="include/Prism.hpp" />
		<Unit filename="include/Scene.hpp" />
		<Unit filename="include/Shader.hpp" />
		<Unit filename="include/Skybox.hpp" />
		<Unit filename="include/SpatialInfo.hpp" />
		<Unit filename="include/Texture.hpp" />
		<Unit filename="include/Track.hpp" />
		<Unit filename="include/TrackGen.hpp" />
		<Unit filename="include/TrackInfo.hpp" />
		<Unit filename="include/Tri3.hpp" />
		<Unit filename="include/UnitCube.hpp" />
		<Unit filename="include/Vec2.hpp" />
		<Unit filename="include/Vec3.hpp" />
		<Unit filename="include/Vertex.hpp" />
		<Unit filename="include/WidthGen.hpp" />
		<Unit filename="src/BasicGLSetup.cpp" />
		<Unit filename="src/Camera.cpp" />
		<Unit filename="src/CrossSection.cpp" />
		<Unit filename="src/CrossSectionGen.cpp" />
		<Unit filename="src/CrossSectionTypes.cpp" />
		<Unit filename="src/Drawing.cpp" />
		<Unit filename="src/Editor.cpp" />
		<Unit filename="src/FileWork.cpp" />
		<Unit filename="src/Interpolate.cpp" />
		<Unit filename="src/Mesh.cpp" />
		<Unit filename="src/Move.cpp" />
		<Unit filename="src/ObjModel.cpp" />
		<Unit filename="src/Orient.cpp" />
		<Unit filename="src/Parametric.cpp" />
		<Unit filename="src/Path.cpp" />
		<Unit filename="src/Prism.cpp" />
		<Unit filename="src/Shader.cpp" />
		<Unit filename="src/Skybox.cpp" />
		<Unit filename="src/SpatialInfo.cpp" />
		<Unit filename="src/Texture.cpp" />
		<Unit filename="src/Track.cpp" />
		<Unit filename="src/TrackGen.cpp" />
		<Unit filename="src/Tri3.cpp" />
		<Unit filename="src/UnitCube.cpp" />
		<Unit filename="src/Vec3.cpp" />
		<Unit filename="src/Vertex.cpp" />
		<Unit filename="src/WidthGen.cpp" />
		<Extensions />
	</Project>
</CodeBlocks_project_file>
